// !$*UTF8*$!
{
	archiveVersion = 1;
	classes = {
	};
	objectVersion = 48;
	objects = {

/* Begin PBXBuildFile section */
		7E599EF81FA05DFD00D1D598 /* AppDelegate.swift in Sources */ = {isa = PBXBuildFile; fileRef = 7E599EF71FA05DFD00D1D598 /* AppDelegate.swift */; };
		7E599EFA1FA05DFD00D1D598 /* ViewController.swift in Sources */ = {isa = PBXBuildFile; fileRef = 7E599EF91FA05DFD00D1D598 /* ViewController.swift */; };
		7E599EFD1FA05DFD00D1D598 /* Main.storyboard in Resources */ = {isa = PBXBuildFile; fileRef = 7E599EFB1FA05DFD00D1D598 /* Main.storyboard */; };
		7E599EFF1FA05DFD00D1D598 /* Assets.xcassets in Resources */ = {isa = PBXBuildFile; fileRef = 7E599EFE1FA05DFD00D1D598 /* Assets.xcassets */; };
		7E599F021FA05DFD00D1D598 /* LaunchScreen.storyboard in Resources */ = {isa = PBXBuildFile; fileRef = 7E599F001FA05DFD00D1D598 /* LaunchScreen.storyboard */; };
		7E599F0D1FA05DFD00D1D598 /* reswift_nimblesnapshot_netTests.swift in Sources */ = {isa = PBXBuildFile; fileRef = 7E599F0C1FA05DFD00D1D598 /* reswift_nimblesnapshot_netTests.swift */; };
		7E599F181FA05DFD00D1D598 /* reswift_nimblesnapshot_netUITests.swift in Sources */ = {isa = PBXBuildFile; fileRef = 7E599F171FA05DFD00D1D598 /* reswift_nimblesnapshot_netUITests.swift */; };
/* End PBXBuildFile section */

/* Begin PBXContainerItemProxy section */
		7E599F091FA05DFD00D1D598 /* PBXContainerItemProxy */ = {
			isa = PBXContainerItemProxy;
			containerPortal = 7E599EEC1FA05DFD00D1D598 /* Project object */;
			proxyType = 1;
			remoteGlobalIDString = 7E599EF31FA05DFD00D1D598;
			remoteInfo = reswift.nimblesnapshot.net;
		};
		7E599F141FA05DFD00D1D598 /* PBXContainerItemProxy */ = {
			isa = PBXContainerItemProxy;
			containerPortal = 7E599EEC1FA05DFD00D1D598 /* Project object */;
			proxyType = 1;
			remoteGlobalIDString = 7E599EF31FA05DFD00D1D598;
			remoteInfo = reswift.nimblesnapshot.net;
		};
/* End PBXContainerItemProxy section */

/* Begin PBXFileReference section */
		7E599EF41FA05DFD00D1D598 /* reswift.nimblesnapshot.net.app */ = {isa = PBXFileReference; explicitFileType = wrapper.application; includeInIndex = 0; path = reswift.nimblesnapshot.net.app; sourceTree = BUILT_PRODUCTS_DIR; };
		7E599EF71FA05DFD00D1D598 /* AppDelegate.swift */ = {isa = PBXFileReference; lastKnownFileType = sourcecode.swift; path = AppDelegate.swift; sourceTree = "<group>"; };
		7E599EF91FA05DFD00D1D598 /* ViewController.swift */ = {isa = PBXFileReference; lastKnownFileType = sourcecode.swift; path = ViewController.swift; sourceTree = "<group>"; };
		7E599EFC1FA05DFD00D1D598 /* Base */ = {isa = PBXFileReference; lastKnownFileType = file.storyboard; name = Base; path = Base.lproj/Main.storyboard; sourceTree = "<group>"; };
		7E599EFE1FA05DFD00D1D598 /* Assets.xcassets */ = {isa = PBXFileReference; lastKnownFileType = folder.assetcatalog; path = Assets.xcassets; sourceTree = "<group>"; };
		7E599F011FA05DFD00D1D598 /* Base */ = {isa = PBXFileReference; lastKnownFileType = file.storyboard; name = Base; path = Base.lproj/LaunchScreen.storyboard; sourceTree = "<group>"; };
		7E599F031FA05DFD00D1D598 /* Info.plist */ = {isa = PBXFileReference; lastKnownFileType = text.plist.xml; path = Info.plist; sourceTree = "<group>"; };
		7E599F081FA05DFD00D1D598 /* reswift.nimblesnapshot.netTests.xctest */ = {isa = PBXFileReference; explicitFileType = wrapper.cfbundle; includeInIndex = 0; path = reswift.nimblesnapshot.netTests.xctest; sourceTree = BUILT_PRODUCTS_DIR; };
		7E599F0C1FA05DFD00D1D598 /* reswift_nimblesnapshot_netTests.swift */ = {isa = PBXFileReference; lastKnownFileType = sourcecode.swift; path = reswift_nimblesnapshot_netTests.swift; sourceTree = "<group>"; };
		7E599F0E1FA05DFD00D1D598 /* Info.plist */ = {isa = PBXFileReference; lastKnownFileType = text.plist.xml; path = Info.plist; sourceTree = "<group>"; };
		7E599F131FA05DFD00D1D598 /* reswift.nimblesnapshot.netUITests.xctest */ = {isa = PBXFileReference; explicitFileType = wrapper.cfbundle; includeInIndex = 0; path = reswift.nimblesnapshot.netUITests.xctest; sourceTree = BUILT_PRODUCTS_DIR; };
		7E599F171FA05DFD00D1D598 /* reswift_nimblesnapshot_netUITests.swift */ = {isa = PBXFileReference; lastKnownFileType = sourcecode.swift; path = reswift_nimblesnapshot_netUITests.swift; sourceTree = "<group>"; };
		7E599F191FA05DFD00D1D598 /* Info.plist */ = {isa = PBXFileReference; lastKnownFileType = text.plist.xml; path = Info.plist; sourceTree = "<group>"; };
/* End PBXFileReference section */

/* Begin PBXFrameworksBuildPhase section */
		7E599EF11FA05DFD00D1D598 /* Frameworks */ = {
			isa = PBXFrameworksBuildPhase;
			buildActionMask = 2147483647;
			files = (
			);
			runOnlyForDeploymentPostprocessing = 0;
		};
		7E599F051FA05DFD00D1D598 /* Frameworks */ = {
			isa = PBXFrameworksBuildPhase;
			buildActionMask = 2147483647;
			files = (
			);
			runOnlyForDeploymentPostprocessing = 0;
		};
		7E599F101FA05DFD00D1D598 /* Frameworks */ = {
			isa = PBXFrameworksBuildPhase;
			buildActionMask = 2147483647;
			files = (
			);
			runOnlyForDeploymentPostprocessing = 0;
		};
/* End PBXFrameworksBuildPhase section */

/* Begin PBXGroup section */
		7E599EEB1FA05DFD00D1D598 = {
			isa = PBXGroup;
			children = (
				7E599EF61FA05DFD00D1D598 /* reswift.nimblesnapshot.net */,
				7E599F0B1FA05DFD00D1D598 /* reswift.nimblesnapshot.netTests */,
				7E599F161FA05DFD00D1D598 /* reswift.nimblesnapshot.netUITests */,
				7E599EF51FA05DFD00D1D598 /* Products */,
			);
			sourceTree = "<group>";
		};
		7E599EF51FA05DFD00D1D598 /* Products */ = {
			isa = PBXGroup;
			children = (
				7E599EF41FA05DFD00D1D598 /* reswift.nimblesnapshot.net.app */,
				7E599F081FA05DFD00D1D598 /* reswift.nimblesnapshot.netTests.xctest */,
				7E599F131FA05DFD00D1D598 /* reswift.nimblesnapshot.netUITests.xctest */,
			);
			name = Products;
			sourceTree = "<group>";
		};
		7E599EF61FA05DFD00D1D598 /* reswift.nimblesnapshot.net */ = {
			isa = PBXGroup;
			children = (
				7E599EF71FA05DFD00D1D598 /* AppDelegate.swift */,
				7E599EF91FA05DFD00D1D598 /* ViewController.swift */,
				7E599EFB1FA05DFD00D1D598 /* Main.storyboard */,
				7E599EFE1FA05DFD00D1D598 /* Assets.xcassets */,
				7E599F001FA05DFD00D1D598 /* LaunchScreen.storyboard */,
				7E599F031FA05DFD00D1D598 /* Info.plist */,
			);
			path = reswift.nimblesnapshot.net;
			sourceTree = "<group>";
		};
		7E599F0B1FA05DFD00D1D598 /* reswift.nimblesnapshot.netTests */ = {
			isa = PBXGroup;
			children = (
				7E599F0C1FA05DFD00D1D598 /* reswift_nimblesnapshot_netTests.swift */,
				7E599F0E1FA05DFD00D1D598 /* Info.plist */,
			);
			path = reswift.nimblesnapshot.netTests;
			sourceTree = "<group>";
		};
		7E599F161FA05DFD00D1D598 /* reswift.nimblesnapshot.netUITests */ = {
			isa = PBXGroup;
			children = (
				7E599F171FA05DFD00D1D598 /* reswift_nimblesnapshot_netUITests.swift */,
				7E599F191FA05DFD00D1D598 /* Info.plist */,
			);
			path = reswift.nimblesnapshot.netUITests;
			sourceTree = "<group>";
		};
/* End PBXGroup section */

/* Begin PBXNativeTarget section */
		7E599EF31FA05DFD00D1D598 /* reswift.nimblesnapshot.net */ = {
			isa = PBXNativeTarget;
			buildConfigurationList = 7E599F1C1FA05DFD00D1D598 /* Build configuration list for PBXNativeTarget "reswift.nimblesnapshot.net" */;
			buildPhases = (
				7E599EF01FA05DFD00D1D598 /* Sources */,
				7E599EF11FA05DFD00D1D598 /* Frameworks */,
				7E599EF21FA05DFD00D1D598 /* Resources */,
			);
			buildRules = (
			);
			dependencies = (
			);
			name = reswift.nimblesnapshot.net;
			productName = reswift.nimblesnapshot.net;
			productReference = 7E599EF41FA05DFD00D1D598 /* reswift.nimblesnapshot.net.app */;
			productType = "com.apple.product-type.application";
		};
		7E599F071FA05DFD00D1D598 /* reswift.nimblesnapshot.netTests */ = {
			isa = PBXNativeTarget;
			buildConfigurationList = 7E599F1F1FA05DFD00D1D598 /* Build configuration list for PBXNativeTarget "reswift.nimblesnapshot.netTests" */;
			buildPhases = (
				7E599F041FA05DFD00D1D598 /* Sources */,
				7E599F051FA05DFD00D1D598 /* Frameworks */,
				7E599F061FA05DFD00D1D598 /* Resources */,
			);
			buildRules = (
			);
			dependencies = (
				7E599F0A1FA05DFD00D1D598 /* PBXTargetDependency */,
			);
			name = reswift.nimblesnapshot.netTests;
			productName = reswift.nimblesnapshot.netTests;
			productReference = 7E599F081FA05DFD00D1D598 /* reswift.nimblesnapshot.netTests.xctest */;
			productType = "com.apple.product-type.bundle.unit-test";
		};
		7E599F121FA05DFD00D1D598 /* reswift.nimblesnapshot.netUITests */ = {
			isa = PBXNativeTarget;
			buildConfigurationList = 7E599F221FA05DFD00D1D598 /* Build configuration list for PBXNativeTarget "reswift.nimblesnapshot.netUITests" */;
			buildPhases = (
				7E599F0F1FA05DFD00D1D598 /* Sources */,
				7E599F101FA05DFD00D1D598 /* Frameworks */,
				7E599F111FA05DFD00D1D598 /* Resources */,
			);
			buildRules = (
			);
			dependencies = (
				7E599F151FA05DFD00D1D598 /* PBXTargetDependency */,
			);
			name = reswift.nimblesnapshot.netUITests;
			productName = reswift.nimblesnapshot.netUITests;
			productReference = 7E599F131FA05DFD00D1D598 /* reswift.nimblesnapshot.netUITests.xctest */;
			productType = "com.apple.product-type.bundle.ui-testing";
		};
/* End PBXNativeTarget section */

/* Begin PBXProject section */
		7E599EEC1FA05DFD00D1D598 /* Project object */ = {
			isa = PBXProject;
			attributes = {
				LastSwiftUpdateCheck = 0900;
				LastUpgradeCheck = 0900;
				ORGANIZATIONNAME = aoponaopon;
				TargetAttributes = {
					7E599EF31FA05DFD00D1D598 = {
						CreatedOnToolsVersion = 9.0.1;
						ProvisioningStyle = Automatic;
					};
					7E599F071FA05DFD00D1D598 = {
						CreatedOnToolsVersion = 9.0.1;
						ProvisioningStyle = Automatic;
						TestTargetID = 7E599EF31FA05DFD00D1D598;
					};
					7E599F121FA05DFD00D1D598 = {
						CreatedOnToolsVersion = 9.0.1;
						ProvisioningStyle = Automatic;
						TestTargetID = 7E599EF31FA05DFD00D1D598;
					};
				};
			};
			buildConfigurationList = 7E599EEF1FA05DFD00D1D598 /* Build configuration list for PBXProject "reswift.nimblesnapshot.net" */;
			compatibilityVersion = "Xcode 8.0";
			developmentRegion = en;
			hasScannedForEncodings = 0;
			knownRegions = (
				en,
				Base,
			);
			mainGroup = 7E599EEB1FA05DFD00D1D598;
			productRefGroup = 7E599EF51FA05DFD00D1D598 /* Products */;
			projectDirPath = "";
			projectRoot = "";
			targets = (
				7E599EF31FA05DFD00D1D598 /* reswift.nimblesnapshot.net */,
				7E599F071FA05DFD00D1D598 /* reswift.nimblesnapshot.netTests */,
				7E599F121FA05DFD00D1D598 /* reswift.nimblesnapshot.netUITests */,
			);
		};
/* End PBXProject section */

/* Begin PBXResourcesBuildPhase section */
		7E599EF21FA05DFD00D1D598 /* Resources */ = {
			isa = PBXResourcesBuildPhase;
			buildActionMask = 2147483647;
			files = (
				7E599F021FA05DFD00D1D598 /* LaunchScreen.storyboard in Resources */,
				7E599EFF1FA05DFD00D1D598 /* Assets.xcassets in Resources */,
				7E599EFD1FA05DFD00D1D598 /* Main.storyboard in Resources */,
			);
			runOnlyForDeploymentPostprocessing = 0;
		};
		7E599F061FA05DFD00D1D598 /* Resources */ = {
			isa = PBXResourcesBuildPhase;
			buildActionMask = 2147483647;
			files = (
			);
			runOnlyForDeploymentPostprocessing = 0;
		};
		7E599F111FA05DFD00D1D598 /* Resources */ = {
			isa = PBXResourcesBuildPhase;
			buildActionMask = 2147483647;
			files = (
			);
			runOnlyForDeploymentPostprocessing = 0;
		};
/* End PBXResourcesBuildPhase section */

/* Begin PBXSourcesBuildPhase section */
		7E599EF01FA05DFD00D1D598 /* Sources */ = {
			isa = PBXSourcesBuildPhase;
			buildActionMask = 2147483647;
			files = (
				7E599EFA1FA05DFD00D1D598 /* ViewController.swift in Sources */,
				7E599EF81FA05DFD00D1D598 /* AppDelegate.swift in Sources */,
			);
			runOnlyForDeploymentPostprocessing = 0;
		};
		7E599F041FA05DFD00D1D598 /* Sources */ = {
			isa = PBXSourcesBuildPhase;
			buildActionMask = 2147483647;
			files = (
				7E599F0D1FA05DFD00D1D598 /* reswift_nimblesnapshot_netTests.swift in Sources */,
			);
			runOnlyForDeploymentPostprocessing = 0;
		};
		7E599F0F1FA05DFD00D1D598 /* Sources */ = {
			isa = PBXSourcesBuildPhase;
			buildActionMask = 2147483647;
			files = (
				7E599F181FA05DFD00D1D598 /* reswift_nimblesnapshot_netUITests.swift in Sources */,
			);
			runOnlyForDeploymentPostprocessing = 0;
		};
/* End PBXSourcesBuildPhase section */

/* Begin PBXTargetDependency section */
		7E599F0A1FA05DFD00D1D598 /* PBXTargetDependency */ = {
			isa = PBXTargetDependency;
			target = 7E599EF31FA05DFD00D1D598 /* reswift.nimblesnapshot.net */;
			targetProxy = 7E599F091FA05DFD00D1D598 /* PBXContainerItemProxy */;
		};
		7E599F151FA05DFD00D1D598 /* PBXTargetDependency */ = {
			isa = PBXTargetDependency;
			target = 7E599EF31FA05DFD00D1D598 /* reswift.nimblesnapshot.net */;
			targetProxy = 7E599F141FA05DFD00D1D598 /* PBXContainerItemProxy */;
		};
/* End PBXTargetDependency section */

/* Begin PBXVariantGroup section */
		7E599EFB1FA05DFD00D1D598 /* Main.storyboard */ = {
			isa = PBXVariantGroup;
			children = (
				7E599EFC1FA05DFD00D1D598 /* Base */,
			);
			name = Main.storyboard;
			sourceTree = "<group>";
		};
		7E599F001FA05DFD00D1D598 /* LaunchScreen.storyboard */ = {
			isa = PBXVariantGroup;
			children = (
				7E599F011FA05DFD00D1D598 /* Base */,
			);
			name = LaunchScreen.storyboard;
			sourceTree = "<group>";
		};
/* End PBXVariantGroup section */

/* Begin XCBuildConfiguration section */
		7E599F1A1FA05DFD00D1D598 /* Debug */ = {
			isa = XCBuildConfiguration;
			buildSettings = {
				ALWAYS_SEARCH_USER_PATHS = NO;
				CLANG_ANALYZER_NONNULL = YES;
				CLANG_ANALYZER_NUMBER_OBJECT_CONVERSION = YES_AGGRESSIVE;
				CLANG_CXX_LANGUAGE_STANDARD = "gnu++14";
				CLANG_CXX_LIBRARY = "libc++";
				CLANG_ENABLE_MODULES = YES;
				CLANG_ENABLE_OBJC_ARC = YES;
				CLANG_WARN_BLOCK_CAPTURE_AUTORELEASING = YES;
				CLANG_WARN_BOOL_CONVERSION = YES;
				CLANG_WARN_COMMA = YES;
				CLANG_WARN_CONSTANT_CONVERSION = YES;
				CLANG_WARN_DIRECT_OBJC_ISA_USAGE = YES_ERROR;
				CLANG_WARN_DOCUMENTATION_COMMENTS = YES;
				CLANG_WARN_EMPTY_BODY = YES;
				CLANG_WARN_ENUM_CONVERSION = YES;
				CLANG_WARN_INFINITE_RECURSION = YES;
				CLANG_WARN_INT_CONVERSION = YES;
				CLANG_WARN_NON_LITERAL_NULL_CONVERSION = YES;
				CLANG_WARN_OBJC_LITERAL_CONVERSION = YES;
				CLANG_WARN_OBJC_ROOT_CLASS = YES_ERROR;
				CLANG_WARN_RANGE_LOOP_ANALYSIS = YES;
				CLANG_WARN_STRICT_PROTOTYPES = YES;
				CLANG_WARN_SUSPICIOUS_MOVE = YES;
				CLANG_WARN_UNGUARDED_AVAILABILITY = YES_AGGRESSIVE;
				CLANG_WARN_UNREACHABLE_CODE = YES;
				CLANG_WARN__DUPLICATE_METHOD_MATCH = YES;
				CODE_SIGN_IDENTITY = "iPhone Developer";
				COPY_PHASE_STRIP = NO;
				DEBUG_INFORMATION_FORMAT = dwarf;
				ENABLE_STRICT_OBJC_MSGSEND = YES;
				ENABLE_TESTABILITY = YES;
				GCC_C_LANGUAGE_STANDARD = gnu11;
				GCC_DYNAMIC_NO_PIC = NO;
				GCC_NO_COMMON_BLOCKS = YES;
				GCC_OPTIMIZATION_LEVEL = 0;
				GCC_PREPROCESSOR_DEFINITIONS = (
					"DEBUG=1",
					"$(inherited)",
				);
				GCC_WARN_64_TO_32_BIT_CONVERSION = YES;
				GCC_WARN_ABOUT_RETURN_TYPE = YES_ERROR;
				GCC_WARN_UNDECLARED_SELECTOR = YES;
				GCC_WARN_UNINITIALIZED_AUTOS = YES_AGGRESSIVE;
				GCC_WARN_UNUSED_FUNCTION = YES;
				GCC_WARN_UNUSED_VARIABLE = YES;
				IPHONEOS_DEPLOYMENT_TARGET = 11.0;
				MTL_ENABLE_DEBUG_INFO = YES;
				ONLY_ACTIVE_ARCH = YES;
				SDKROOT = iphoneos;
				SWIFT_ACTIVE_COMPILATION_CONDITIONS = DEBUG;
				SWIFT_OPTIMIZATION_LEVEL = "-Onone";
			};
			name = Debug;
		};
		7E599F1B1FA05DFD00D1D598 /* Release */ = {
			isa = XCBuildConfiguration;
			buildSettings = {
				ALWAYS_SEARCH_USER_PATHS = NO;
				CLANG_ANALYZER_NONNULL = YES;
				CLANG_ANALYZER_NUMBER_OBJECT_CONVERSION = YES_AGGRESSIVE;
				CLANG_CXX_LANGUAGE_STANDARD = "gnu++14";
				CLANG_CXX_LIBRARY = "libc++";
				CLANG_ENABLE_MODULES = YES;
				CLANG_ENABLE_OBJC_ARC = YES;
				CLANG_WARN_BLOCK_CAPTURE_AUTORELEASING = YES;
				CLANG_WARN_BOOL_CONVERSION = YES;
				CLANG_WARN_COMMA = YES;
				CLANG_WARN_CONSTANT_CONVERSION = YES;
				CLANG_WARN_DIRECT_OBJC_ISA_USAGE = YES_ERROR;
				CLANG_WARN_DOCUMENTATION_COMMENTS = YES;
				CLANG_WARN_EMPTY_BODY = YES;
				CLANG_WARN_ENUM_CONVERSION = YES;
				CLANG_WARN_INFINITE_RECURSION = YES;
				CLANG_WARN_INT_CONVERSION = YES;
				CLANG_WARN_NON_LITERAL_NULL_CONVERSION = YES;
				CLANG_WARN_OBJC_LITERAL_CONVERSION = YES;
				CLANG_WARN_OBJC_ROOT_CLASS = YES_ERROR;
				CLANG_WARN_RANGE_LOOP_ANALYSIS = YES;
				CLANG_WARN_STRICT_PROTOTYPES = YES;
				CLANG_WARN_SUSPICIOUS_MOVE = YES;
				CLANG_WARN_UNGUARDED_AVAILABILITY = YES_AGGRESSIVE;
				CLANG_WARN_UNREACHABLE_CODE = YES;
				CLANG_WARN__DUPLICATE_METHOD_MATCH = YES;
				CODE_SIGN_IDENTITY = "iPhone Developer";
				COPY_PHASE_STRIP = NO;
				DEBUG_INFORMATION_FORMAT = "dwarf-with-dsym";
				ENABLE_NS_ASSERTIONS = NO;
				ENABLE_STRICT_OBJC_MSGSEND = YES;
				GCC_C_LANGUAGE_STANDARD = gnu11;
				GCC_NO_COMMON_BLOCKS = YES;
				GCC_WARN_64_TO_32_BIT_CONVERSION = YES;
				GCC_WARN_ABOUT_RETURN_TYPE = YES_ERROR;
				GCC_WARN_UNDECLARED_SELECTOR = YES;
				GCC_WARN_UNINITIALIZED_AUTOS = YES_AGGRESSIVE;
				GCC_WARN_UNUSED_FUNCTION = YES;
				GCC_WARN_UNUSED_VARIABLE = YES;
				IPHONEOS_DEPLOYMENT_TARGET = 11.0;
				MTL_ENABLE_DEBUG_INFO = NO;
				SDKROOT = iphoneos;
				SWIFT_OPTIMIZATION_LEVEL = "-Owholemodule";
				VALIDATE_PRODUCT = YES;
			};
			name = Release;
		};
		7E599F1D1FA05DFD00D1D598 /* Debug */ = {
			isa = XCBuildConfiguration;
			buildSettings = {
				ASSETCATALOG_COMPILER_APPICON_NAME = AppIcon;
				CODE_SIGN_STYLE = Automatic;
				DEVELOPMENT_TEAM = V95BJPWBF3;
				INFOPLIST_FILE = reswift.nimblesnapshot.net/Info.plist;
				LD_RUNPATH_SEARCH_PATHS = "$(inherited) @executable_path/Frameworks";
				PRODUCT_BUNDLE_IDENTIFIER = "reswift.nimblesnapshot.net.reswift-nimblesnapshot-net";
				PRODUCT_NAME = "$(TARGET_NAME)";
				SWIFT_VERSION = 4.0;
				TARGETED_DEVICE_FAMILY = "1,2";
			};
			name = Debug;
		};
		7E599F1E1FA05DFD00D1D598 /* Release */ = {
			isa = XCBuildConfiguration;
			buildSettings = {
				ASSETCATALOG_COMPILER_APPICON_NAME = AppIcon;
				CODE_SIGN_STYLE = Automatic;
				DEVELOPMENT_TEAM = V95BJPWBF3;
				INFOPLIST_FILE = reswift.nimblesnapshot.net/Info.plist;
				LD_RUNPATH_SEARCH_PATHS = "$(inherited) @executable_path/Frameworks";
				PRODUCT_BUNDLE_IDENTIFIER = "reswift.nimblesnapshot.net.reswift-nimblesnapshot-net";
				PRODUCT_NAME = "$(TARGET_NAME)";
				SWIFT_VERSION = 4.0;
				TARGETED_DEVICE_FAMILY = "1,2";
			};
			name = Release;
		};
		7E599F201FA05DFD00D1D598 /* Debug */ = {
			isa = XCBuildConfiguration;
			buildSettings = {
				ALWAYS_EMBED_SWIFT_STANDARD_LIBRARIES = YES;
				BUNDLE_LOADER = "$(TEST_HOST)";
				CODE_SIGN_STYLE = Automatic;
				DEVELOPMENT_TEAM = V95BJPWBF3;
				INFOPLIST_FILE = reswift.nimblesnapshot.netTests/Info.plist;
				LD_RUNPATH_SEARCH_PATHS = "$(inherited) @executable_path/Frameworks @loader_path/Frameworks";
				PRODUCT_BUNDLE_IDENTIFIER = "reswift.nimblesnapshot.net.reswift-nimblesnapshot-netTests";
				PRODUCT_NAME = "$(TARGET_NAME)";
				SWIFT_VERSION = 4.0;
				TARGETED_DEVICE_FAMILY = "1,2";
				TEST_HOST = "$(BUILT_PRODUCTS_DIR)/reswift.nimblesnapshot.net.app/reswift.nimblesnapshot.net";
			};
			name = Debug;
		};
		7E599F211FA05DFD00D1D598 /* Release */ = {
			isa = XCBuildConfiguration;
			buildSettings = {
				ALWAYS_EMBED_SWIFT_STANDARD_LIBRARIES = YES;
				BUNDLE_LOADER = "$(TEST_HOST)";
				CODE_SIGN_STYLE = Automatic;
				DEVELOPMENT_TEAM = V95BJPWBF3;
				INFOPLIST_FILE = reswift.nimblesnapshot.netTests/Info.plist;
				LD_RUNPATH_SEARCH_PATHS = "$(inherited) @executable_path/Frameworks @loader_path/Frameworks";
				PRODUCT_BUNDLE_IDENTIFIER = "reswift.nimblesnapshot.net.reswift-nimblesnapshot-netTests";
				PRODUCT_NAME = "$(TARGET_NAME)";
				SWIFT_VERSION = 4.0;
				TARGETED_DEVICE_FAMILY = "1,2";
				TEST_HOST = "$(BUILT_PRODUCTS_DIR)/reswift.nimblesnapshot.net.app/reswift.nimblesnapshot.net";
			};
			name = Release;
		};
		7E599F231FA05DFD00D1D598 /* Debug */ = {
			isa = XCBuildConfiguration;
			buildSettings = {
				ALWAYS_EMBED_SWIFT_STANDARD_LIBRARIES = YES;
				CODE_SIGN_STYLE = Automatic;
				DEVELOPMENT_TEAM = V95BJPWBF3;
				INFOPLIST_FILE = reswift.nimblesnapshot.netUITests/Info.plist;
				LD_RUNPATH_SEARCH_PATHS = "$(inherited) @executable_path/Frameworks @loader_path/Frameworks";
				PRODUCT_BUNDLE_IDENTIFIER = "reswift.nimblesnapshot.net.reswift-nimblesnapshot-netUITests";
				PRODUCT_NAME = "$(TARGET_NAME)";
				SWIFT_VERSION = 4.0;
				TARGETED_DEVICE_FAMILY = "1,2";
				TEST_TARGET_NAME = reswift.nimblesnapshot.net;
			};
			name = Debug;
		};
		7E599F241FA05DFD00D1D598 /* Release */ = {
			isa = XCBuildConfiguration;
			buildSettings = {
				ALWAYS_EMBED_SWIFT_STANDARD_LIBRARIES = YES;
				CODE_SIGN_STYLE = Automatic;
				DEVELOPMENT_TEAM = V95BJPWBF3;
				INFOPLIST_FILE = reswift.nimblesnapshot.netUITests/Info.plist;
				LD_RUNPATH_SEARCH_PATHS = "$(inherited) @executable_path/Frameworks @loader_path/Frameworks";
				PRODUCT_BUNDLE_IDENTIFIER = "reswift.nimblesnapshot.net.reswift-nimblesnapshot-netUITests";
				PRODUCT_NAME = "$(TARGET_NAME)";
				SWIFT_VERSION = 4.0;
				TARGETED_DEVICE_FAMILY = "1,2";
				TEST_TARGET_NAME = reswift.nimblesnapshot.net;
			};
			name = Release;
		};
/* End XCBuildConfiguration section */

/* Begin XCConfigurationList section */
		7E599EEF1FA05DFD00D1D598 /* Build configuration list for PBXProject "reswift.nimblesnapshot.net" */ = {
			isa = XCConfigurationList;
			buildConfigurations = (
				7E599F1A1FA05DFD00D1D598 /* Debug */,
				7E599F1B1FA05DFD00D1D598 /* Release */,
			);
			defaultConfigurationIsVisible = 0;
			defaultConfigurationName = Release;
		};
		7E599F1C1FA05DFD00D1D598 /* Build configuration list for PBXNativeTarget "reswift.nimblesnapshot.net" */ = {
			isa = XCConfigurationList;
			buildConfigurations = (
				7E599F1D1FA05DFD00D1D598 /* Debug */,
				7E599F1E1FA05DFD00D1D598 /* Release */,
			);
			defaultConfigurationIsVisible = 0;
			defaultConfigurationName = Release;
		};
		7E599F1F1FA05DFD00D1D598 /* Build configuration list for PBXNativeTarget "reswift.nimblesnapshot.netTests" */ = {
			isa = XCConfigurationList;
			buildConfigurations = (
				7E599F201FA05DFD00D1D598 /* Debug */,
				7E599F211FA05DFD00D1D598 /* Release */,
			);
			defaultConfigurationIsVisible = 0;
			defaultConfigurationName = Release;
		};
		7E599F221FA05DFD00D1D598 /* Build configuration list for PBXNativeTarget "reswift.nimblesnapshot.netUITests" */ = {
			isa = XCConfigurationList;
			buildConfigurations = (
				7E599F231FA05DFD00D1D598 /* Debug */,
				7E599F241FA05DFD00D1D598 /* Release */,
			);
			defaultConfigurationIsVisible = 0;
			defaultConfigurationName = Release;
		};
/* End XCConfigurationList section */
	};
	rootObject = 7E599EEC1FA05DFD00D1D598 /* Project object */;
}
